{
  "name": "client",
  "lockfileVersion": 2,
  "requires": true,
  "packages": {
    "": {
      "name": "client",
      "dependencies": {
        "moye": "github:Alistairot/moye-client"
      }
    },
    "node_modules/moye": {
      "version": "1.0.0",
      "resolved": "git+ssh://git@github.com/Alistairot/moye-client.git#b433fb2ecfccb8ba451ccee1e78cc395bfb1d2bc",
      "license": "MIT"
    }
  },
  "dependencies": {
    "moye": {
      "version": "git+ssh://git@github.com/Alistairot/moye-client.git#b433fb2ecfccb8ba451ccee1e78cc395bfb1d2bc",
      "from": "moye@github:Alistairot/moye-client"
    }
  }
}
