{
  "name": "client",
  "lockfileVersion": 2,
  "requires": true,
  "packages": {
    "": {
      "name": "client",
      "dependencies": {
        "moye": "github:Alistairot/moye-client"
      }
    },
    "node_modules/moye": {
      "name": "moye-client",
      "version": "1.0.0",
      "resolved": "git+ssh://git@github.com/Alistairot/moye-client.git#74464ec5f1a10a35ab1eaab4f9765a9dea35e8cc",
      "license": "MIT"
    }
  },
  "dependencies": {
    "moye": {
      "version": "git+ssh://git@github.com/Alistairot/moye-client.git#74464ec5f1a10a35ab1eaab4f9765a9dea35e8cc",
      "from": "moye@Alistairot/moye-client"
    }
  }
}
