{
  "name": "server",
  "version": "1.0.0",
  "lockfileVersion": 2,
  "requires": true,
  "packages": {
    "": {
      "name": "server",
      "version": "1.0.0",
      "license": "ISC",
      "dependencies": {
        "moye": "github:Alistairot/moye-server"
      }
    },
    "node_modules/moye": {
      "name": "moye-server",
      "version": "1.0.0",
      "resolved": "git+ssh://git@github.com/Alistairot/moye-server.git#4e7d974bc03aabbd91bfca9f94e78ee245048fd7",
      "license": "MIT"
    }
  },
  "dependencies": {
    "moye": {
      "version": "git+ssh://git@github.com/Alistairot/moye-server.git#4e7d974bc03aabbd91bfca9f94e78ee245048fd7",
      "from": "moye@github:Alistairot/moye-server"
    }
  }
}
